
Microsoft Visual Studio Solution File, Format Version 12.00
# Visual Studio Version 17
VisualStudioVersion = 17.3.32929.385
MinimumVisualStudioVersion = 10.0.40219.1
Project("{9A19103F-16F7-4668-BE54-9A1E7A4F7556}") = "Task3", "Task3\Task3.csproj", "{CDBE9301-8727-4BCF-8E89-9C395B6C0638}"
EndProject
Project("{FAE04EC0-301F-11D3-BF4B-00C04F79EFBC}") = "EditProfile1", "..\..\..\Downloads\EditProfile1\EditProfile1\EditProfile1\EditProfile1.csproj", "{9A9F53F2-BBD3-4123-AD08-0EB45B09895A}"
EndProject
Project("{FAE04EC0-301F-11D3-BF4B-00C04F79EFBC}") = "clinic", "..\..\..\Downloads\clinic-20221201T074208Z-001\clinic\clinic.csproj", "{9415B7A0-F345-4D82-826D-C8A533DA9B82}"
EndProject
Project("{FAE04EC0-301F-11D3-BF4B-00C04F79EFBC}") = "RequestMaterial", "..\..\..\Downloads\RequestMaterial\RequestMaterial\RequestMaterial\RequestMaterial.csproj", "{C86FED92-6BD3-4CB6-AEE9-595601007BB3}"
EndProject
Project("{FAE04EC0-301F-11D3-BF4B-00C04F79EFBC}") = "WindowsFormsApp3", "..\..\..\Downloads\WindowsFormsApp3-20221201T193411Z-001\WindowsFormsApp3\WindowsFormsApp3.csproj", "{75C18348-D3F6-44F6-A203-430E265A1115}"
EndProject
Global
	GlobalSection(SolutionConfigurationPlatforms) = preSolution
		Debug|Any CPU = Debug|Any CPU
		Release|Any CPU = Release|Any CPU
	EndGlobalSection
	GlobalSection(ProjectConfigurationPlatforms) = postSolution
		{CDBE9301-8727-4BCF-8E89-9C395B6C0638}.Debug|Any CPU.ActiveCfg = Debug|Any CPU
		{CDBE9301-8727-4BCF-8E89-9C395B6C0638}.Debug|Any CPU.Build.0 = Debug|Any CPU
		{CDBE9301-8727-4BCF-8E89-9C395B6C0638}.Release|Any CPU.ActiveCfg = Release|Any CPU
		{CDBE9301-8727-4BCF-8E89-9C395B6C0638}.Release|Any CPU.Build.0 = Release|Any CPU
		{9A9F53F2-BBD3-4123-AD08-0EB45B09895A}.Debug|Any CPU.ActiveCfg = Debug|Any CPU
		{9A9F53F2-BBD3-4123-AD08-0EB45B09895A}.Debug|Any CPU.Build.0 = Debug|Any CPU
		{9A9F53F2-BBD3-4123-AD08-0EB45B09895A}.Release|Any CPU.ActiveCfg = Release|Any CPU
		{9A9F53F2-BBD3-4123-AD08-0EB45B09895A}.Release|Any CPU.Build.0 = Release|Any CPU
		{9415B7A0-F345-4D82-826D-C8A533DA9B82}.Debug|Any CPU.ActiveCfg = Debug|Any CPU
		{9415B7A0-F345-4D82-826D-C8A533DA9B82}.Debug|Any CPU.Build.0 = Debug|Any CPU
		{9415B7A0-F345-4D82-826D-C8A533DA9B82}.Release|Any CPU.ActiveCfg = Release|Any CPU
		{9415B7A0-F345-4D82-826D-C8A533DA9B82}.Release|Any CPU.Build.0 = Release|Any CPU
		{C86FED92-6BD3-4CB6-AEE9-595601007BB3}.Debug|Any CPU.ActiveCfg = Debug|Any CPU
		{C86FED92-6BD3-4CB6-AEE9-595601007BB3}.Debug|Any CPU.Build.0 = Debug|Any CPU
		{C86FED92-6BD3-4CB6-AEE9-595601007BB3}.Release|Any CPU.ActiveCfg = Release|Any CPU
		{C86FED92-6BD3-4CB6-AEE9-595601007BB3}.Release|Any CPU.Build.0 = Release|Any CPU
		{75C18348-D3F6-44F6-A203-430E265A1115}.Debug|Any CPU.ActiveCfg = Debug|Any CPU
		{75C18348-D3F6-44F6-A203-430E265A1115}.Debug|Any CPU.Build.0 = Debug|Any CPU
		{75C18348-D3F6-44F6-A203-430E265A1115}.Release|Any CPU.ActiveCfg = Release|Any CPU
		{75C18348-D3F6-44F6-A203-430E265A1115}.Release|Any CPU.Build.0 = Release|Any CPU
	EndGlobalSection
	GlobalSection(SolutionProperties) = preSolution
		HideSolutionNode = FALSE
	EndGlobalSection
	GlobalSection(ExtensibilityGlobals) = postSolution
		SolutionGuid = {0B9EC560-0A64-44DB-A998-FCA27BA21835}
	EndGlobalSection
EndGlobal
